dependencies:
- name: platform-grafana-dashboards
  repository: file://../platform-grafana-dashboards
  version: v2026.5.22
- name: openfga-alerts
  repository: oci://ghcr.io/appscode-charts
  version: v2026.2.24
- name: nats-alerts
  repository: oci://ghcr.io/appscode-charts
  version: v2026.2.24
digest: sha256:3648726ab130a55328486070fceb011b35e063008d5c872bdce76694c95db1db
generated: "2026-05-20T04:39:16.377666094Z"
