dependencies:
- name: platform-grafana-dashboards
  repository: file://../platform-grafana-dashboards
  version: v2026.6.12
- name: openfga-alerts
  repository: oci://ghcr.io/appscode-charts
  version: v2026.2.24
- name: nats-alerts
  repository: oci://ghcr.io/appscode-charts
  version: v2026.2.24
digest: sha256:52627e9a1c81cb9ee09ae547d844fe4d5bef1202d0da8508c39e42afe8123b05
generated: "2026-06-03T06:42:26.364386989Z"
