dependencies:
- name: kube-ui-server
  repository: https://charts.appscode.com/stable/
  version: v2022.01.04
- name: panopticon
  repository: https://charts.appscode.com/stable/
  version: v2021.11.25
- name: grafana-operator
  repository: https://charts.appscode.com/stable/
  version: v2021.11.16
- name: grafana-ui-server
  repository: https://charts.appscode.com/stable/
  version: v2021.11.16
- name: grafana-configurator
  repository: https://charts.appscode.com/stable/
  version: v2021.11.16
digest: sha256:572ac921245e205f93b55b5f9d3cf410feeb43fb3170220d25f87db179f35a1a
generated: "2022-01-04T15:06:19.17202-08:00"
