dependencies:
- name: kube-ui-server
  repository: https://charts.appscode.com/stable/
  version: v2022.02.08
- name: panopticon
  repository: https://charts.appscode.com/stable/
  version: v2021.11.25
- name: grafana-operator
  repository: https://charts.appscode.com/stable/
  version: v2021.11.16
- name: grafana-ui-server
  repository: https://charts.appscode.com/stable/
  version: v2021.11.16
- name: grafana-configurator
  repository: https://charts.appscode.com/stable/
  version: v2021.11.16
digest: sha256:2f01bf63f8a56e2e9b6f843094c75d36cb419905c47e3d1de8d95184f887a011
generated: "2022-02-08T11:01:55.058828-08:00"
