dependencies:
- name: kube-ui-server
  repository: https://charts.appscode.com/stable/
  version: v2022.04.04
- name: panopticon
  repository: https://charts.appscode.com/stable/
  version: v2022.04.04
- name: supervisor
  repository: https://charts.appscode.com/stable/
  version: v2022.04.14
- name: grafana-operator
  repository: https://charts.appscode.com/stable/
  version: v2022.04.04
- name: grafana-ui-server
  repository: https://charts.appscode.com/stable/
  version: v2022.04.04
- name: kube-grafana-dashboards
  repository: https://charts.appscode.com/stable/
  version: v2022.04.04
digest: sha256:a718bba7c736135967c2887868b47b2de09812fe9884e5e89b893db5f5d01507
generated: "2022-04-14T23:11:15.09442-07:00"
