dependencies:
- name: kube-ui-server
  repository: https://charts.appscode.com/stable/
  version: v2022.03.07
- name: panopticon
  repository: https://charts.appscode.com/stable/
  version: v2021.11.25
- name: grafana-operator
  repository: https://charts.appscode.com/stable/
  version: v2021.11.16
- name: grafana-ui-server
  repository: https://charts.appscode.com/stable/
  version: v2021.11.16
digest: sha256:08557ce48a851fdbdc8509fc960e1f6aa7a73cc2f5a0848ef6bf561f8fdc9ca9
generated: "2022-03-07T20:31:23.080036-08:00"
