dependencies:
- name: billing
  repository: file://../billing
  version: v2026.1.15
- name: billing-ui
  repository: file://../billing-ui
  version: v2026.1.15
- name: deploy-ui
  repository: file://../deploy-ui
  version: v2026.1.15
- name: marketplace-api
  repository: file://../marketplace-api
  version: v2026.1.15
- name: marketplace-ui
  repository: file://../marketplace-ui
  version: v2026.1.15
- name: platform-links
  repository: file://../platform-links
  version: v2026.1.15
- name: website
  repository: file://../website
  version: v2026.1.15
digest: sha256:ad99446f1d814abd26a9712efbceb54ded4e921b4d64de824815bae42b92922d
generated: "2026-01-03T17:36:01.463391965Z"
