dependencies:
- name: panopticon
  repository: https://charts.appscode.com/stable/
  version: v2022.06.14
- name: ui-presets
  repository: file://../ui-presets
  version: v2022.06.14
digest: sha256:cb336fc1d9ed04d0f468dbdc3711f242af12da6e9e761770f14050e6cdad9aca
generated: "2022-06-16T15:25:12.024048-07:00"
