dependencies:
- name: platform-ui
  repository: file://../platform-ui
  version: v2024.8.21
- name: cluster-ui
  repository: file://../cluster-ui
  version: v2024.8.21
- name: deploy-ui
  repository: file://../deploy-ui
  version: v2023.11.14
- name: kubedb-ui
  repository: file://../kubedb-ui
  version: v2024.8.21
- name: marketplace-ui
  repository: file://../marketplace-ui
  version: v2023.11.14
- name: platform-api
  repository: file://../platform-api
  version: v2024.8.21
- name: platform-links
  repository: file://../platform-links
  version: v2024.8.21
- name: billing
  repository: file://../billing
  version: v2024.8.21
- name: grafana
  repository: file://../grafana
  version: v2024.7.7
- name: trickster
  repository: oci://ghcr.io/appscode-charts
  version: v2024.7.31
- name: s3proxy
  repository: file://../s3proxy
  version: v2024.8.21
- name: dns-proxy
  repository: file://../dns-proxy
  version: v2023.11.14
- name: smtprelay
  repository: file://../smtprelay
  version: v2023.11.14
- name: ingress-nginx
  repository: oci://ghcr.io/appscode-charts
  version: 4.11.1
- name: nats
  repository: oci://ghcr.io/appscode-charts
  version: 0.19.17
- name: openfga
  repository: oci://ghcr.io/appscode-charts
  version: 0.2.8
digest: sha256:47daf145334e980b173375e60379f48c6b85f27fc7afb345815e402059400283
generated: "2024-09-02T12:02:26.149317977+06:00"
