dependencies:
- name: platform-ui
  repository: file://../platform-ui
  version: v2024.7.2
- name: accounts-ui
  repository: file://../accounts-ui
  version: v2024.7.2
- name: cluster-ui
  repository: file://../cluster-ui
  version: v2024.7.2
- name: deploy-ui
  repository: file://../deploy-ui
  version: v2023.11.14
- name: kubedb-ui
  repository: file://../kubedb-ui
  version: v2024.7.2
- name: marketplace-ui
  repository: file://../marketplace-ui
  version: v2023.11.14
- name: platform-api
  repository: file://../platform-api
  version: v2024.7.2
- name: platform-links
  repository: file://../platform-links
  version: v2024.7.2
- name: billing
  repository: file://../billing
  version: v2024.7.2
- name: grafana
  repository: file://../grafana
  version: v2023.11.14
- name: trickster
  repository: https://charts.appscode.com/stable
  version: v2023.10.1
- name: s3proxy
  repository: file://../s3proxy
  version: v2024.7.2
- name: dns-proxy
  repository: file://../dns-proxy
  version: v2023.11.14
- name: smtprelay
  repository: file://../smtprelay
  version: v2023.11.14
- name: ingress-nginx
  repository: https://kubernetes.github.io/ingress-nginx
  version: 4.10.0
- name: nats
  repository: https://nats-io.github.io/k8s/helm/charts/
  version: 0.19.17
- name: openfga
  repository: oci://ghcr.io/appscode-charts
  version: 0.2.6
digest: sha256:abb222565702192de163f75c3904eba4d64ecca1bcec9df20124a64b583c6850
generated: "2024-06-20T19:02:44.070709-07:00"
