dependencies:
- name: platform-ui
  repository: file://../platform-ui
  version: v2025.1.17
- name: cluster-ui
  repository: file://../cluster-ui
  version: v2025.1.17
- name: kubedb-ui
  repository: file://../kubedb-ui
  version: v2025.1.17
- name: platform-api
  repository: file://../platform-api
  version: v2025.1.17
- name: grafana
  repository: file://../grafana
  version: v2024.10.31
- name: trickster
  repository: oci://ghcr.io/appscode-charts
  version: v2024.9.30
- name: s3proxy
  repository: file://../s3proxy
  version: v2025.1.17
- name: ingress-nginx
  repository: oci://ghcr.io/appscode-charts
  version: 4.11.1
- name: nats
  repository: oci://ghcr.io/appscode-charts
  version: 0.19.17
- name: openfga
  repository: oci://ghcr.io/appscode-charts
  version: 0.2.13
digest: sha256:9d80b17717dc2cadb4c44f934643a874de1346df267df4e14367552026a6fd45
generated: "2024-12-24T16:56:53.484526-08:00"
